
Microsoft Visual Studio Solution File, Format Version 12.00
# Visual Studio Version 17
VisualStudioVersion = 17.3.32922.545
MinimumVisualStudioVersion = 10.0.40219.1
Project("{9A19103F-16F7-4668-BE54-9A1E7A4F7556}") = "bytebank", "bytebank\bytebank.csproj", "{2F51EBB5-8A67-4D3B-8474-4D5FE345F59D}"
EndProject
Project("{9A19103F-16F7-4668-BE54-9A1E7A4F7556}") = "bytebank_ADM", "bytebank_ADM\bytebank_ADM.csproj", "{9F4DF9D2-4395-41DF-BA30-8AEC9FA6AA02}"
EndProject
Project("{9A19103F-16F7-4668-BE54-9A1E7A4F7556}") = "AulaClassObject", "AulaClassObject\AulaClassObject.csproj", "{FDAECAA6-32AF-4697-954F-435FAE146714}"
EndProject
Project("{9A19103F-16F7-4668-BE54-9A1E7A4F7556}") = "AulaStrings", "AulaStrings\AulaStrings.csproj", "{04209049-723B-434F-96D3-95ED8B0E9027}"
EndProject
Project("{9A19103F-16F7-4668-BE54-9A1E7A4F7556}") = "AulaStructsEClasses", "AulaStructsEClasses\AulaStructsEClasses.csproj", "{8B6EC5F0-171C-4FA9-A610-64F94B21D791}"
EndProject
Project("{9A19103F-16F7-4668-BE54-9A1E7A4F7556}") = "AulaRegex", "AulaRegex\AulaRegex.csproj", "{5970DBF8-EE12-4E8A-97BE-686986FEFB06}"
EndProject
Project("{9A19103F-16F7-4668-BE54-9A1E7A4F7556}") = "bytebank_atendimento", "bytebank_atendimento\bytebank_atendimento.csproj", "{217E4E41-36FE-4C7E-80F6-07CE943FC2FF}"
EndProject
Project("{9A19103F-16F7-4668-BE54-9A1E7A4F7556}") = "ExercicioBuscaNomes", "ExercicioBuscaNomes\ExercicioBuscaNomes.csproj", "{855CA5E6-6EED-48A7-8B6E-4D23F718CFBF}"
EndProject
Project("{9A19103F-16F7-4668-BE54-9A1E7A4F7556}") = "ManipulacaoArquivos", "ManipulacaoArquivos\ManipulacaoArquivos.csproj", "{F4C4B5F1-0D0D-406F-9E25-4AB1F102BB2B}"
EndProject
Project("{9A19103F-16F7-4668-BE54-9A1E7A4F7556}") = "bytebank_Modelos", "bytebank_biblioteca\bytebank_Modelos.csproj", "{5CD16218-C6CF-4658-AFFD-41AC5BECC758}"
EndProject
Project("{FAE04EC0-301F-11D3-BF4B-00C04F79EFBC}") = "bytebank_GeradorChavePix", "bytebank_GeradorChavePix\bytebank_GeradorChavePix.csproj", "{A995D9C9-532A-43B6-8A4F-3881EA3F7CCA}"
EndProject
Project("{FAE04EC0-301F-11D3-BF4B-00C04F79EFBC}") = "ExportarDados", "ExportarDados\ExportarDados.csproj", "{0D1A39D4-88AB-410E-926C-3F86A87B6DDD}"
EndProject
Global
	GlobalSection(SolutionConfigurationPlatforms) = preSolution
		Debug|Any CPU = Debug|Any CPU
		Release|Any CPU = Release|Any CPU
	EndGlobalSection
	GlobalSection(ProjectConfigurationPlatforms) = postSolution
		{2F51EBB5-8A67-4D3B-8474-4D5FE345F59D}.Debug|Any CPU.ActiveCfg = Debug|Any CPU
		{2F51EBB5-8A67-4D3B-8474-4D5FE345F59D}.Debug|Any CPU.Build.0 = Debug|Any CPU
		{2F51EBB5-8A67-4D3B-8474-4D5FE345F59D}.Release|Any CPU.ActiveCfg = Release|Any CPU
		{2F51EBB5-8A67-4D3B-8474-4D5FE345F59D}.Release|Any CPU.Build.0 = Release|Any CPU
		{9F4DF9D2-4395-41DF-BA30-8AEC9FA6AA02}.Debug|Any CPU.ActiveCfg = Debug|Any CPU
		{9F4DF9D2-4395-41DF-BA30-8AEC9FA6AA02}.Debug|Any CPU.Build.0 = Debug|Any CPU
		{9F4DF9D2-4395-41DF-BA30-8AEC9FA6AA02}.Release|Any CPU.ActiveCfg = Release|Any CPU
		{9F4DF9D2-4395-41DF-BA30-8AEC9FA6AA02}.Release|Any CPU.Build.0 = Release|Any CPU
		{FDAECAA6-32AF-4697-954F-435FAE146714}.Debug|Any CPU.ActiveCfg = Debug|Any CPU
		{FDAECAA6-32AF-4697-954F-435FAE146714}.Debug|Any CPU.Build.0 = Debug|Any CPU
		{FDAECAA6-32AF-4697-954F-435FAE146714}.Release|Any CPU.ActiveCfg = Release|Any CPU
		{FDAECAA6-32AF-4697-954F-435FAE146714}.Release|Any CPU.Build.0 = Release|Any CPU
		{04209049-723B-434F-96D3-95ED8B0E9027}.Debug|Any CPU.ActiveCfg = Debug|Any CPU
		{04209049-723B-434F-96D3-95ED8B0E9027}.Debug|Any CPU.Build.0 = Debug|Any CPU
		{04209049-723B-434F-96D3-95ED8B0E9027}.Release|Any CPU.ActiveCfg = Release|Any CPU
		{04209049-723B-434F-96D3-95ED8B0E9027}.Release|Any CPU.Build.0 = Release|Any CPU
		{8B6EC5F0-171C-4FA9-A610-64F94B21D791}.Debug|Any CPU.ActiveCfg = Debug|Any CPU
		{8B6EC5F0-171C-4FA9-A610-64F94B21D791}.Debug|Any CPU.Build.0 = Debug|Any CPU
		{8B6EC5F0-171C-4FA9-A610-64F94B21D791}.Release|Any CPU.ActiveCfg = Release|Any CPU
		{8B6EC5F0-171C-4FA9-A610-64F94B21D791}.Release|Any CPU.Build.0 = Release|Any CPU
		{5970DBF8-EE12-4E8A-97BE-686986FEFB06}.Debug|Any CPU.ActiveCfg = Debug|Any CPU
		{5970DBF8-EE12-4E8A-97BE-686986FEFB06}.Debug|Any CPU.Build.0 = Debug|Any CPU
		{5970DBF8-EE12-4E8A-97BE-686986FEFB06}.Release|Any CPU.ActiveCfg = Release|Any CPU
		{5970DBF8-EE12-4E8A-97BE-686986FEFB06}.Release|Any CPU.Build.0 = Release|Any CPU
		{217E4E41-36FE-4C7E-80F6-07CE943FC2FF}.Debug|Any CPU.ActiveCfg = Debug|Any CPU
		{217E4E41-36FE-4C7E-80F6-07CE943FC2FF}.Debug|Any CPU.Build.0 = Debug|Any CPU
		{217E4E41-36FE-4C7E-80F6-07CE943FC2FF}.Release|Any CPU.ActiveCfg = Release|Any CPU
		{217E4E41-36FE-4C7E-80F6-07CE943FC2FF}.Release|Any CPU.Build.0 = Release|Any CPU
		{855CA5E6-6EED-48A7-8B6E-4D23F718CFBF}.Debug|Any CPU.ActiveCfg = Debug|Any CPU
		{855CA5E6-6EED-48A7-8B6E-4D23F718CFBF}.Debug|Any CPU.Build.0 = Debug|Any CPU
		{855CA5E6-6EED-48A7-8B6E-4D23F718CFBF}.Release|Any CPU.ActiveCfg = Release|Any CPU
		{855CA5E6-6EED-48A7-8B6E-4D23F718CFBF}.Release|Any CPU.Build.0 = Release|Any CPU
		{F4C4B5F1-0D0D-406F-9E25-4AB1F102BB2B}.Debug|Any CPU.ActiveCfg = Debug|Any CPU
		{F4C4B5F1-0D0D-406F-9E25-4AB1F102BB2B}.Debug|Any CPU.Build.0 = Debug|Any CPU
		{F4C4B5F1-0D0D-406F-9E25-4AB1F102BB2B}.Release|Any CPU.ActiveCfg = Release|Any CPU
		{F4C4B5F1-0D0D-406F-9E25-4AB1F102BB2B}.Release|Any CPU.Build.0 = Release|Any CPU
		{5CD16218-C6CF-4658-AFFD-41AC5BECC758}.Debug|Any CPU.ActiveCfg = Debug|Any CPU
		{5CD16218-C6CF-4658-AFFD-41AC5BECC758}.Debug|Any CPU.Build.0 = Debug|Any CPU
		{5CD16218-C6CF-4658-AFFD-41AC5BECC758}.Release|Any CPU.ActiveCfg = Release|Any CPU
		{5CD16218-C6CF-4658-AFFD-41AC5BECC758}.Release|Any CPU.Build.0 = Release|Any CPU
		{A995D9C9-532A-43B6-8A4F-3881EA3F7CCA}.Debug|Any CPU.ActiveCfg = Debug|Any CPU
		{A995D9C9-532A-43B6-8A4F-3881EA3F7CCA}.Debug|Any CPU.Build.0 = Debug|Any CPU
		{A995D9C9-532A-43B6-8A4F-3881EA3F7CCA}.Release|Any CPU.ActiveCfg = Release|Any CPU
		{A995D9C9-532A-43B6-8A4F-3881EA3F7CCA}.Release|Any CPU.Build.0 = Release|Any CPU
		{0D1A39D4-88AB-410E-926C-3F86A87B6DDD}.Debug|Any CPU.ActiveCfg = Debug|Any CPU
		{0D1A39D4-88AB-410E-926C-3F86A87B6DDD}.Debug|Any CPU.Build.0 = Debug|Any CPU
		{0D1A39D4-88AB-410E-926C-3F86A87B6DDD}.Release|Any CPU.ActiveCfg = Release|Any CPU
		{0D1A39D4-88AB-410E-926C-3F86A87B6DDD}.Release|Any CPU.Build.0 = Release|Any CPU
	EndGlobalSection
	GlobalSection(SolutionProperties) = preSolution
		HideSolutionNode = FALSE
	EndGlobalSection
	GlobalSection(ExtensibilityGlobals) = postSolution
		SolutionGuid = {070549AA-BBF9-4206-A453-0EE1DCB0A582}
	EndGlobalSection
EndGlobal
